
Microsoft Visual Studio Solution File, Format Version 12.00
# Visual Studio Version 16
VisualStudioVersion = 16.0.30621.155
MinimumVisualStudioVersion = 10.0.40219.1
Project("{FAE04EC0-301F-11D3-BF4B-00C04F79EFBC}") = "JEST Beta 0.2", "JEST - Echo Stat Tool\JEST Beta 0.2.csproj", "{F63902FF-455A-4C51-AA2A-8E62C3ED8284}"
EndProject
Global
	GlobalSection(SolutionConfigurationPlatforms) = preSolution
		Debug|Any CPU = Debug|Any CPU
		Release|Any CPU = Release|Any CPU
	EndGlobalSection
	GlobalSection(ProjectConfigurationPlatforms) = postSolution
		{F63902FF-455A-4C51-AA2A-8E62C3ED8284}.Debug|Any CPU.ActiveCfg = Debug|Any CPU
		{F63902FF-455A-4C51-AA2A-8E62C3ED8284}.Debug|Any CPU.Build.0 = Debug|Any CPU
		{F63902FF-455A-4C51-AA2A-8E62C3ED8284}.Release|Any CPU.ActiveCfg = Release|Any CPU
		{F63902FF-455A-4C51-AA2A-8E62C3ED8284}.Release|Any CPU.Build.0 = Release|Any CPU
	EndGlobalSection
	GlobalSection(SolutionProperties) = preSolution
		HideSolutionNode = FALSE
	EndGlobalSection
	GlobalSection(ExtensibilityGlobals) = postSolution
		SolutionGuid = {2E8AC372-9C83-464B-82A7-2B49D0C0112D}
	EndGlobalSection
EndGlobal
